
Microsoft Visual Studio Solution File, Format Version 12.00
# Visual Studio 15
VisualStudioVersion = 15.0.28307.1401
MinimumVisualStudioVersion = 10.0.40219.1
Project("{FAE04EC0-301F-11D3-BF4B-00C04F79EFBC}") = "dl_master", "dl_master\dl_master.csproj", "{CDA2A0E3-59D6-4D7A-AB28-4ED568816077}"
EndProject
Global
	GlobalSection(SolutionConfigurationPlatforms) = preSolution
		Debug|Any CPU = Debug|Any CPU
		Release|Any CPU = Release|Any CPU
	EndGlobalSection
	GlobalSection(ProjectConfigurationPlatforms) = postSolution
		{CDA2A0E3-59D6-4D7A-AB28-4ED568816077}.Debug|Any CPU.ActiveCfg = Debug|Any CPU
		{CDA2A0E3-59D6-4D7A-AB28-4ED568816077}.Debug|Any CPU.Build.0 = Debug|Any CPU
		{CDA2A0E3-59D6-4D7A-AB28-4ED568816077}.Release|Any CPU.ActiveCfg = Release|Any CPU
		{CDA2A0E3-59D6-4D7A-AB28-4ED568816077}.Release|Any CPU.Build.0 = Release|Any CPU
	EndGlobalSection
	GlobalSection(SolutionProperties) = preSolution
		HideSolutionNode = FALSE
	EndGlobalSection
	GlobalSection(ExtensibilityGlobals) = postSolution
		SolutionGuid = {6D7AA145-9557-4083-8B18-208B1A7F9052}
	EndGlobalSection
EndGlobal
